// !$*UTF8*$!
{
	archiveVersion = 1;
	classes = {
	};
	objectVersion = 46;
	objects = {

/* Begin PBXBuildFile section */
		34DFF6811DB3207400529E52 /* AppDelegate.swift in Sources */ = {isa = PBXBuildFile; fileRef = 34DFF6801DB3207400529E52 /* AppDelegate.swift */; };
		34DFF6831DB3207400529E52 /* ViewController.swift in Sources */ = {isa = PBXBuildFile; fileRef = 34DFF6821DB3207400529E52 /* ViewController.swift */; };
		34DFF6861DB3207400529E52 /* Main.storyboard in Resources */ = {isa = PBXBuildFile; fileRef = 34DFF6841DB3207400529E52 /* Main.storyboard */; };
		34DFF6881DB3207400529E52 /* Assets.xcassets in Resources */ = {isa = PBXBuildFile; fileRef = 34DFF6871DB3207400529E52 /* Assets.xcassets */; };
		34DFF68B1DB3207400529E52 /* LaunchScreen.storyboard in Resources */ = {isa = PBXBuildFile; fileRef = 34DFF6891DB3207400529E52 /* LaunchScreen.storyboard */; };
		34DFF6961DB3207400529E52 /* PitchPerfectTests.swift in Sources */ = {isa = PBXBuildFile; fileRef = 34DFF6951DB3207400529E52 /* PitchPerfectTests.swift */; };
		34DFF6A11DB3207400529E52 /* PitchPerfectUITests.swift in Sources */ = {isa = PBXBuildFile; fileRef = 34DFF6A01DB3207400529E52 /* PitchPerfectUITests.swift */; };
/* End PBXBuildFile section */

/* Begin PBXContainerItemProxy section */
		34DFF6921DB3207400529E52 /* PBXContainerItemProxy */ = {
			isa = PBXContainerItemProxy;
			containerPortal = 34DFF6751DB3207400529E52 /* Project object */;
			proxyType = 1;
			remoteGlobalIDString = 34DFF67C1DB3207400529E52;
			remoteInfo = PitchPerfect;
		};
		34DFF69D1DB3207400529E52 /* PBXContainerItemProxy */ = {
			isa = PBXContainerItemProxy;
			containerPortal = 34DFF6751DB3207400529E52 /* Project object */;
			proxyType = 1;
			remoteGlobalIDString = 34DFF67C1DB3207400529E52;
			remoteInfo = PitchPerfect;
		};
/* End PBXContainerItemProxy section */

/* Begin PBXFileReference section */
		34DFF67D1DB3207400529E52 /* PitchPerfect.app */ = {isa = PBXFileReference; explicitFileType = wrapper.application; includeInIndex = 0; path = PitchPerfect.app; sourceTree = BUILT_PRODUCTS_DIR; };
		34DFF6801DB3207400529E52 /* AppDelegate.swift */ = {isa = PBXFileReference; lastKnownFileType = sourcecode.swift; path = AppDelegate.swift; sourceTree = "<group>"; };
		34DFF6821DB3207400529E52 /* ViewController.swift */ = {isa = PBXFileReference; lastKnownFileType = sourcecode.swift; path = ViewController.swift; sourceTree = "<group>"; };
		34DFF6851DB3207400529E52 /* Base */ = {isa = PBXFileReference; lastKnownFileType = file.storyboard; name = Base; path = Base.lproj/Main.storyboard; sourceTree = "<group>"; };
		34DFF6871DB3207400529E52 /* Assets.xcassets */ = {isa = PBXFileReference; lastKnownFileType = folder.assetcatalog; path = Assets.xcassets; sourceTree = "<group>"; };
		34DFF68A1DB3207400529E52 /* Base */ = {isa = PBXFileReference; lastKnownFileType = file.storyboard; name = Base; path = Base.lproj/LaunchScreen.storyboard; sourceTree = "<group>"; };
		34DFF68C1DB3207400529E52 /* Info.plist */ = {isa = PBXFileReference; lastKnownFileType = text.plist.xml; path = Info.plist; sourceTree = "<group>"; };
		34DFF6911DB3207400529E52 /* PitchPerfectTests.xctest */ = {isa = PBXFileReference; explicitFileType = wrapper.cfbundle; includeInIndex = 0; path = PitchPerfectTests.xctest; sourceTree = BUILT_PRODUCTS_DIR; };
		34DFF6951DB3207400529E52 /* PitchPerfectTests.swift */ = {isa = PBXFileReference; lastKnownFileType = sourcecode.swift; path = PitchPerfectTests.swift; sourceTree = "<group>"; };
		34DFF6971DB3207400529E52 /* Info.plist */ = {isa = PBXFileReference; lastKnownFileType = text.plist.xml; path = Info.plist; sourceTree = "<group>"; };
		34DFF69C1DB3207400529E52 /* PitchPerfectUITests.xctest */ = {isa = PBXFileReference; explicitFileType = wrapper.cfbundle; includeInIndex = 0; path = PitchPerfectUITests.xctest; sourceTree = BUILT_PRODUCTS_DIR; };
		34DFF6A01DB3207400529E52 /* PitchPerfectUITests.swift */ = {isa = PBXFileReference; lastKnownFileType = sourcecode.swift; path = PitchPerfectUITests.swift; sourceTree = "<group>"; };
		34DFF6A21DB3207400529E52 /* Info.plist */ = {isa = PBXFileReference; lastKnownFileType = text.plist.xml; path = Info.plist; sourceTree = "<group>"; };
/* End PBXFileReference section */

/* Begin PBXFrameworksBuildPhase section */
		34DFF67A1DB3207400529E52 /* Frameworks */ = {
			isa = PBXFrameworksBuildPhase;
			buildActionMask = 2147483647;
			files = (
			);
			runOnlyForDeploymentPostprocessing = 0;
		};
		34DFF68E1DB3207400529E52 /* Frameworks */ = {
			isa = PBXFrameworksBuildPhase;
			buildActionMask = 2147483647;
			files = (
			);
			runOnlyForDeploymentPostprocessing = 0;
		};
		34DFF6991DB3207400529E52 /* Frameworks */ = {
			isa = PBXFrameworksBuildPhase;
			buildActionMask = 2147483647;
			files = (
			);
			runOnlyForDeploymentPostprocessing = 0;
		};
/* End PBXFrameworksBuildPhase section */

/* Begin PBXGroup section */
		34DFF6741DB3207400529E52 = {
			isa = PBXGroup;
			children = (
				34DFF67F1DB3207400529E52 /* PitchPerfect */,
				34DFF6941DB3207400529E52 /* PitchPerfectTests */,
				34DFF69F1DB3207400529E52 /* PitchPerfectUITests */,
				34DFF67E1DB3207400529E52 /* Products */,
			);
			sourceTree = "<group>";
		};
		34DFF67E1DB3207400529E52 /* Products */ = {
			isa = PBXGroup;
			children = (
				34DFF67D1DB3207400529E52 /* PitchPerfect.app */,
				34DFF6911DB3207400529E52 /* PitchPerfectTests.xctest */,
				34DFF69C1DB3207400529E52 /* PitchPerfectUITests.xctest */,
			);
			name = Products;
			sourceTree = "<group>";
		};
		34DFF67F1DB3207400529E52 /* PitchPerfect */ = {
			isa = PBXGroup;
			children = (
				34DFF6801DB3207400529E52 /* AppDelegate.swift */,
				34DFF6821DB3207400529E52 /* ViewController.swift */,
				34DFF6841DB3207400529E52 /* Main.storyboard */,
				34DFF6871DB3207400529E52 /* Assets.xcassets */,
				34DFF6891DB3207400529E52 /* LaunchScreen.storyboard */,
				34DFF68C1DB3207400529E52 /* Info.plist */,
			);
			path = PitchPerfect;
			sourceTree = "<group>";
		};
		34DFF6941DB3207400529E52 /* PitchPerfectTests */ = {
			isa = PBXGroup;
			children = (
				34DFF6951DB3207400529E52 /* PitchPerfectTests.swift */,
				34DFF6971DB3207400529E52 /* Info.plist */,
			);
			path = PitchPerfectTests;
			sourceTree = "<group>";
		};
		34DFF69F1DB3207400529E52 /* PitchPerfectUITests */ = {
			isa = PBXGroup;
			children = (
				34DFF6A01DB3207400529E52 /* PitchPerfectUITests.swift */,
				34DFF6A21DB3207400529E52 /* Info.plist */,
			);
			path = PitchPerfectUITests;
			sourceTree = "<group>";
		};
/* End PBXGroup section */

/* Begin PBXNativeTarget section */
		34DFF67C1DB3207400529E52 /* PitchPerfect */ = {
			isa = PBXNativeTarget;
			buildConfigurationList = 34DFF6A51DB3207400529E52 /* Build configuration list for PBXNativeTarget "PitchPerfect" */;
			buildPhases = (
				34DFF6791DB3207400529E52 /* Sources */,
				34DFF67A1DB3207400529E52 /* Frameworks */,
				34DFF67B1DB3207400529E52 /* Resources */,
			);
			buildRules = (
			);
			dependencies = (
			);
			name = PitchPerfect;
			productName = PitchPerfect;
			productReference = 34DFF67D1DB3207400529E52 /* PitchPerfect.app */;
			productType = "com.apple.product-type.application";
		};
		34DFF6901DB3207400529E52 /* PitchPerfectTests */ = {
			isa = PBXNativeTarget;
			buildConfigurationList = 34DFF6A81DB3207400529E52 /* Build configuration list for PBXNativeTarget "PitchPerfectTests" */;
			buildPhases = (
				34DFF68D1DB3207400529E52 /* Sources */,
				34DFF68E1DB3207400529E52 /* Frameworks */,
				34DFF68F1DB3207400529E52 /* Resources */,
			);
			buildRules = (
			);
			dependencies = (
				34DFF6931DB3207400529E52 /* PBXTargetDependency */,
			);
			name = PitchPerfectTests;
			productName = PitchPerfectTests;
			productReference = 34DFF6911DB3207400529E52 /* PitchPerfectTests.xctest */;
			productType = "com.apple.product-type.bundle.unit-test";
		};
		34DFF69B1DB3207400529E52 /* PitchPerfectUITests */ = {
			isa = PBXNativeTarget;
			buildConfigurationList = 34DFF6AB1DB3207400529E52 /* Build configuration list for PBXNativeTarget "PitchPerfectUITests" */;
			buildPhases = (
				34DFF6981DB3207400529E52 /* Sources */,
				34DFF6991DB3207400529E52 /* Frameworks */,
				34DFF69A1DB3207400529E52 /* Resources */,
			);
			buildRules = (
			);
			dependencies = (
				34DFF69E1DB3207400529E52 /* PBXTargetDependency */,
			);
			name = PitchPerfectUITests;
			productName = PitchPerfectUITests;
			productReference = 34DFF69C1DB3207400529E52 /* PitchPerfectUITests.xctest */;
			productType = "com.apple.product-type.bundle.ui-testing";
		};
/* End PBXNativeTarget section */

/* Begin PBXProject section */
		34DFF6751DB3207400529E52 /* Project object */ = {
			isa = PBXProject;
			attributes = {
				LastSwiftUpdateCheck = 0800;
				LastUpgradeCheck = 0800;
				ORGANIZATIONNAME = "Honglix Xu";
				TargetAttributes = {
					34DFF67C1DB3207400529E52 = {
						CreatedOnToolsVersion = 8.0;
						DevelopmentTeam = FSBP9QSA68;
						ProvisioningStyle = Automatic;
					};
					34DFF6901DB3207400529E52 = {
						CreatedOnToolsVersion = 8.0;
						ProvisioningStyle = Automatic;
						TestTargetID = 34DFF67C1DB3207400529E52;
					};
					34DFF69B1DB3207400529E52 = {
						CreatedOnToolsVersion = 8.0;
						ProvisioningStyle = Automatic;
						TestTargetID = 34DFF67C1DB3207400529E52;
					};
				};
			};
			buildConfigurationList = 34DFF6781DB3207400529E52 /* Build configuration list for PBXProject "PitchPerfect" */;
			compatibilityVersion = "Xcode 3.2";
			developmentRegion = English;
			hasScannedForEncodings = 0;
			knownRegions = (
				en,
				Base,
			);
			mainGroup = 34DFF6741DB3207400529E52;
			productRefGroup = 34DFF67E1DB3207400529E52 /* Products */;
			projectDirPath = "";
			projectRoot = "";
			targets = (
				34DFF67C1DB3207400529E52 /* PitchPerfect */,
				34DFF6901DB3207400529E52 /* PitchPerfectTests */,
				34DFF69B1DB3207400529E52 /* PitchPerfectUITests */,
			);
		};
/* End PBXProject section */

/* Begin PBXResourcesBuildPhase section */
		34DFF67B1DB3207400529E52 /* Resources */ = {
			isa = PBXResourcesBuildPhase;
			buildActionMask = 2147483647;
			files = (
				34DFF68B1DB3207400529E52 /* LaunchScreen.storyboard in Resources */,
				34DFF6881DB3207400529E52 /* Assets.xcassets in Resources */,
				34DFF6861DB3207400529E52 /* Main.storyboard in Resources */,
			);
			runOnlyForDeploymentPostprocessing = 0;
		};
		34DFF68F1DB3207400529E52 /* Resources */ = {
			isa = PBXResourcesBuildPhase;
			buildActionMask = 2147483647;
			files = (
			);
			runOnlyForDeploymentPostprocessing = 0;
		};
		34DFF69A1DB3207400529E52 /* Resources */ = {
			isa = PBXResourcesBuildPhase;
			buildActionMask = 2147483647;
			files = (
			);
			runOnlyForDeploymentPostprocessing = 0;
		};
/* End PBXResourcesBuildPhase section */

/* Begin PBXSourcesBuildPhase section */
		34DFF6791DB3207400529E52 /* Sources */ = {
			isa = PBXSourcesBuildPhase;
			buildActionMask = 2147483647;
			files = (
				34DFF6831DB3207400529E52 /* ViewController.swift in Sources */,
				34DFF6811DB3207400529E52 /* AppDelegate.swift in Sources */,
			);
			runOnlyForDeploymentPostprocessing = 0;
		};
		34DFF68D1DB3207400529E52 /* Sources */ = {
			isa = PBXSourcesBuildPhase;
			buildActionMask = 2147483647;
			files = (
				34DFF6961DB3207400529E52 /* PitchPerfectTests.swift in Sources */,
			);
			runOnlyForDeploymentPostprocessing = 0;
		};
		34DFF6981DB3207400529E52 /* Sources */ = {
			isa = PBXSourcesBuildPhase;
			buildActionMask = 2147483647;
			files = (
				34DFF6A11DB3207400529E52 /* PitchPerfectUITests.swift in Sources */,
			);
			runOnlyForDeploymentPostprocessing = 0;
		};
/* End PBXSourcesBuildPhase section */

/* Begin PBXTargetDependency section */
		34DFF6931DB3207400529E52 /* PBXTargetDependency */ = {
			isa = PBXTargetDependency;
			target = 34DFF67C1DB3207400529E52 /* PitchPerfect */;
			targetProxy = 34DFF6921DB3207400529E52 /* PBXContainerItemProxy */;
		};
		34DFF69E1DB3207400529E52 /* PBXTargetDependency */ = {
			isa = PBXTargetDependency;
			target = 34DFF67C1DB3207400529E52 /* PitchPerfect */;
			targetProxy = 34DFF69D1DB3207400529E52 /* PBXContainerItemProxy */;
		};
/* End PBXTargetDependency section */

/* Begin PBXVariantGroup section */
		34DFF6841DB3207400529E52 /* Main.storyboard */ = {
			isa = PBXVariantGroup;
			children = (
				34DFF6851DB3207400529E52 /* Base */,
			);
			name = Main.storyboard;
			sourceTree = "<group>";
		};
		34DFF6891DB3207400529E52 /* LaunchScreen.storyboard */ = {
			isa = PBXVariantGroup;
			children = (
				34DFF68A1DB3207400529E52 /* Base */,
			);
			name = LaunchScreen.storyboard;
			sourceTree = "<group>";
		};
/* End PBXVariantGroup section */

/* Begin XCBuildConfiguration section */
		34DFF6A31DB3207400529E52 /* Debug */ = {
			isa = XCBuildConfiguration;
			buildSettings = {
				ALWAYS_SEARCH_USER_PATHS = NO;
				CLANG_ANALYZER_NONNULL = YES;
				CLANG_CXX_LANGUAGE_STANDARD = "gnu++0x";
				CLANG_CXX_LIBRARY = "libc++";
				CLANG_ENABLE_MODULES = YES;
				CLANG_ENABLE_OBJC_ARC = YES;
				CLANG_WARN_BOOL_CONVERSION = YES;
				CLANG_WARN_CONSTANT_CONVERSION = YES;
				CLANG_WARN_DIRECT_OBJC_ISA_USAGE = YES_ERROR;
				CLANG_WARN_DOCUMENTATION_COMMENTS = YES;
				CLANG_WARN_EMPTY_BODY = YES;
				CLANG_WARN_ENUM_CONVERSION = YES;
				CLANG_WARN_INFINITE_RECURSION = YES;
				CLANG_WARN_INT_CONVERSION = YES;
				CLANG_WARN_OBJC_ROOT_CLASS = YES_ERROR;
				CLANG_WARN_SUSPICIOUS_MOVES = YES;
				CLANG_WARN_UNREACHABLE_CODE = YES;
				CLANG_WARN__DUPLICATE_METHOD_MATCH = YES;
				"CODE_SIGN_IDENTITY[sdk=iphoneos*]" = "iPhone Developer";
				COPY_PHASE_STRIP = NO;
				DEBUG_INFORMATION_FORMAT = dwarf;
				ENABLE_STRICT_OBJC_MSGSEND = YES;
				ENABLE_TESTABILITY = YES;
				GCC_C_LANGUAGE_STANDARD = gnu99;
				GCC_DYNAMIC_NO_PIC = NO;
				GCC_NO_COMMON_BLOCKS = YES;
				GCC_OPTIMIZATION_LEVEL = 0;
				GCC_PREPROCESSOR_DEFINITIONS = (
					"DEBUG=1",
					"$(inherited)",
				);
				GCC_WARN_64_TO_32_BIT_CONVERSION = YES;
				GCC_WARN_ABOUT_RETURN_TYPE = YES_ERROR;
				GCC_WARN_UNDECLARED_SELECTOR = YES;
				GCC_WARN_UNINITIALIZED_AUTOS = YES_AGGRESSIVE;
				GCC_WARN_UNUSED_FUNCTION = YES;
				GCC_WARN_UNUSED_VARIABLE = YES;
				IPHONEOS_DEPLOYMENT_TARGET = 10.0;
				MTL_ENABLE_DEBUG_INFO = YES;
				ONLY_ACTIVE_ARCH = YES;
				SDKROOT = iphoneos;
				SWIFT_ACTIVE_COMPILATION_CONDITIONS = DEBUG;
				SWIFT_OPTIMIZATION_LEVEL = "-Onone";
				TARGETED_DEVICE_FAMILY = "1,2";
			};
			name = Debug;
		};
		34DFF6A41DB3207400529E52 /* Release */ = {
			isa = XCBuildConfiguration;
			buildSettings = {
				ALWAYS_SEARCH_USER_PATHS = NO;
				CLANG_ANALYZER_NONNULL = YES;
				CLANG_CXX_LANGUAGE_STANDARD = "gnu++0x";
				CLANG_CXX_LIBRARY = "libc++";
				CLANG_ENABLE_MODULES = YES;
				CLANG_ENABLE_OBJC_ARC = YES;
				CLANG_WARN_BOOL_CONVERSION = YES;
				CLANG_WARN_CONSTANT_CONVERSION = YES;
				CLANG_WARN_DIRECT_OBJC_ISA_USAGE = YES_ERROR;
				CLANG_WARN_DOCUMENTATION_COMMENTS = YES;
				CLANG_WARN_EMPTY_BODY = YES;
				CLANG_WARN_ENUM_CONVERSION = YES;
				CLANG_WARN_INFINITE_RECURSION = YES;
				CLANG_WARN_INT_CONVERSION = YES;
				CLANG_WARN_OBJC_ROOT_CLASS = YES_ERROR;
				CLANG_WARN_SUSPICIOUS_MOVES = YES;
				CLANG_WARN_UNREACHABLE_CODE = YES;
				CLANG_WARN__DUPLICATE_METHOD_MATCH = YES;
				"CODE_SIGN_IDENTITY[sdk=iphoneos*]" = "iPhone Developer";
				COPY_PHASE_STRIP = NO;
				DEBUG_INFORMATION_FORMAT = "dwarf-with-dsym";
				ENABLE_NS_ASSERTIONS = NO;
				ENABLE_STRICT_OBJC_MSGSEND = YES;
				GCC_C_LANGUAGE_STANDARD = gnu99;
				GCC_NO_COMMON_BLOCKS = YES;
				GCC_WARN_64_TO_32_BIT_CONVERSION = YES;
				GCC_WARN_ABOUT_RETURN_TYPE = YES_ERROR;
				GCC_WARN_UNDECLARED_SELECTOR = YES;
				GCC_WARN_UNINITIALIZED_AUTOS = YES_AGGRESSIVE;
				GCC_WARN_UNUSED_FUNCTION = YES;
				GCC_WARN_UNUSED_VARIABLE = YES;
				IPHONEOS_DEPLOYMENT_TARGET = 10.0;
				MTL_ENABLE_DEBUG_INFO = NO;
				SDKROOT = iphoneos;
				SWIFT_OPTIMIZATION_LEVEL = "-Owholemodule";
				TARGETED_DEVICE_FAMILY = "1,2";
				VALIDATE_PRODUCT = YES;
			};
			name = Release;
		};
		34DFF6A61DB3207400529E52 /* Debug */ = {
			isa = XCBuildConfiguration;
			buildSettings = {
				ASSETCATALOG_COMPILER_APPICON_NAME = AppIcon;
				DEVELOPMENT_TEAM = FSBP9QSA68;
				INFOPLIST_FILE = PitchPerfect/Info.plist;
				LD_RUNPATH_SEARCH_PATHS = "$(inherited) @executable_path/Frameworks";
				PRODUCT_BUNDLE_IDENTIFIER = go32312324.02.PitchPerfect;
				PRODUCT_NAME = "$(TARGET_NAME)";
				SWIFT_VERSION = 3.0;
			};
			name = Debug;
		};
		34DFF6A71DB3207400529E52 /* Release */ = {
			isa = XCBuildConfiguration;
			buildSettings = {
				ASSETCATALOG_COMPILER_APPICON_NAME = AppIcon;
				DEVELOPMENT_TEAM = FSBP9QSA68;
				INFOPLIST_FILE = PitchPerfect/Info.plist;
				LD_RUNPATH_SEARCH_PATHS = "$(inherited) @executable_path/Frameworks";
				PRODUCT_BUNDLE_IDENTIFIER = go32312324.02.PitchPerfect;
				PRODUCT_NAME = "$(TARGET_NAME)";
				SWIFT_VERSION = 3.0;
			};
			name = Release;
		};
		34DFF6A91DB3207400529E52 /* Debug */ = {
			isa = XCBuildConfiguration;
			buildSettings = {
				ALWAYS_EMBED_SWIFT_STANDARD_LIBRARIES = YES;
				BUNDLE_LOADER = "$(TEST_HOST)";
				INFOPLIST_FILE = PitchPerfectTests/Info.plist;
				LD_RUNPATH_SEARCH_PATHS = "$(inherited) @executable_path/Frameworks @loader_path/Frameworks";
				PRODUCT_BUNDLE_IDENTIFIER = go32312324.02.PitchPerfectTests;
				PRODUCT_NAME = "$(TARGET_NAME)";
				SWIFT_VERSION = 3.0;
				TEST_HOST = "$(BUILT_PRODUCTS_DIR)/PitchPerfect.app/PitchPerfect";
			};
			name = Debug;
		};
		34DFF6AA1DB3207400529E52 /* Release */ = {
			isa = XCBuildConfiguration;
			buildSettings = {
				ALWAYS_EMBED_SWIFT_STANDARD_LIBRARIES = YES;
				BUNDLE_LOADER = "$(TEST_HOST)";
				INFOPLIST_FILE = PitchPerfectTests/Info.plist;
				LD_RUNPATH_SEARCH_PATHS = "$(inherited) @executable_path/Frameworks @loader_path/Frameworks";
				PRODUCT_BUNDLE_IDENTIFIER = go32312324.02.PitchPerfectTests;
				PRODUCT_NAME = "$(TARGET_NAME)";
				SWIFT_VERSION = 3.0;
				TEST_HOST = "$(BUILT_PRODUCTS_DIR)/PitchPerfect.app/PitchPerfect";
			};
			name = Release;
		};
		34DFF6AC1DB3207400529E52 /* Debug */ = {
			isa = XCBuildConfiguration;
			buildSettings = {
				ALWAYS_EMBED_SWIFT_STANDARD_LIBRARIES = YES;
				INFOPLIST_FILE = PitchPerfectUITests/Info.plist;
				LD_RUNPATH_SEARCH_PATHS = "$(inherited) @executable_path/Frameworks @loader_path/Frameworks";
				PRODUCT_BUNDLE_IDENTIFIER = go32312324.02.PitchPerfectUITests;
				PRODUCT_NAME = "$(TARGET_NAME)";
				SWIFT_VERSION = 3.0;
				TEST_TARGET_NAME = PitchPerfect;
			};
			name = Debug;
		};
		34DFF6AD1DB3207400529E52 /* Release */ = {
			isa = XCBuildConfiguration;
			buildSettings = {
				ALWAYS_EMBED_SWIFT_STANDARD_LIBRARIES = YES;
				INFOPLIST_FILE = PitchPerfectUITests/Info.plist;
				LD_RUNPATH_SEARCH_PATHS = "$(inherited) @executable_path/Frameworks @loader_path/Frameworks";
				PRODUCT_BUNDLE_IDENTIFIER = go32312324.02.PitchPerfectUITests;
				PRODUCT_NAME = "$(TARGET_NAME)";
				SWIFT_VERSION = 3.0;
				TEST_TARGET_NAME = PitchPerfect;
			};
			name = Release;
		};
/* End XCBuildConfiguration section */

/* Begin XCConfigurationList section */
		34DFF6781DB3207400529E52 /* Build configuration list for PBXProject "PitchPerfect" */ = {
			isa = XCConfigurationList;
			buildConfigurations = (
				34DFF6A31DB3207400529E52 /* Debug */,
				34DFF6A41DB3207400529E52 /* Release */,
			);
			defaultConfigurationIsVisible = 0;
			defaultConfigurationName = Release;
		};
		34DFF6A51DB3207400529E52 /* Build configuration list for PBXNativeTarget "PitchPerfect" */ = {
			isa = XCConfigurationList;
			buildConfigurations = (
				34DFF6A61DB3207400529E52 /* Debug */,
				34DFF6A71DB3207400529E52 /* Release */,
			);
			defaultConfigurationIsVisible = 0;
		};
		34DFF6A81DB3207400529E52 /* Build configuration list for PBXNativeTarget "PitchPerfectTests" */ = {
			isa = XCConfigurationList;
			buildConfigurations = (
				34DFF6A91DB3207400529E52 /* Debug */,
				34DFF6AA1DB3207400529E52 /* Release */,
			);
			defaultConfigurationIsVisible = 0;
		};
		34DFF6AB1DB3207400529E52 /* Build configuration list for PBXNativeTarget "PitchPerfectUITests" */ = {
			isa = XCConfigurationList;
			buildConfigurations = (
				34DFF6AC1DB3207400529E52 /* Debug */,
				34DFF6AD1DB3207400529E52 /* Release */,
			);
			defaultConfigurationIsVisible = 0;
		};
/* End XCConfigurationList section */
	};
	rootObject = 34DFF6751DB3207400529E52 /* Project object */;
}
