// !$*UTF8*$!
{
	archiveVersion = 1;
	classes = {
	};
	objectVersion = 46;
	objects = {

/* Begin PBXBuildFile section */
		3408023E1E047AB800FBE11F /* AppDelegate.swift in Sources */ = {isa = PBXBuildFile; fileRef = 3408023D1E047AB800FBE11F /* AppDelegate.swift */; };
		340802401E047AB800FBE11F /* MainVC.swift in Sources */ = {isa = PBXBuildFile; fileRef = 3408023F1E047AB800FBE11F /* MainVC.swift */; };
		340802431E047AB800FBE11F /* Main.storyboard in Resources */ = {isa = PBXBuildFile; fileRef = 340802411E047AB800FBE11F /* Main.storyboard */; };
		340802461E047AB900FBE11F /* DreamLister.xcdatamodeld in Sources */ = {isa = PBXBuildFile; fileRef = 340802441E047AB900FBE11F /* DreamLister.xcdatamodeld */; };
		340802481E047AB900FBE11F /* Assets.xcassets in Resources */ = {isa = PBXBuildFile; fileRef = 340802471E047AB900FBE11F /* Assets.xcassets */; };
		3408024B1E047AB900FBE11F /* LaunchScreen.storyboard in Resources */ = {isa = PBXBuildFile; fileRef = 340802491E047AB900FBE11F /* LaunchScreen.storyboard */; };
		3408027C1E04822500FBE11F /* Store+CoreDataClass.swift in Sources */ = {isa = PBXBuildFile; fileRef = 340802741E04822500FBE11F /* Store+CoreDataClass.swift */; };
		3408027D1E04822500FBE11F /* Store+CoreDataProperties.swift in Sources */ = {isa = PBXBuildFile; fileRef = 340802751E04822500FBE11F /* Store+CoreDataProperties.swift */; };
		3408027E1E04822500FBE11F /* Item+CoreDataClass.swift in Sources */ = {isa = PBXBuildFile; fileRef = 340802761E04822500FBE11F /* Item+CoreDataClass.swift */; };
		3408027F1E04822500FBE11F /* Item+CoreDataProperties.swift in Sources */ = {isa = PBXBuildFile; fileRef = 340802771E04822500FBE11F /* Item+CoreDataProperties.swift */; };
		340802801E04822500FBE11F /* ItemType+CoreDataClass.swift in Sources */ = {isa = PBXBuildFile; fileRef = 340802781E04822500FBE11F /* ItemType+CoreDataClass.swift */; };
		340802811E04822500FBE11F /* ItemType+CoreDataProperties.swift in Sources */ = {isa = PBXBuildFile; fileRef = 340802791E04822500FBE11F /* ItemType+CoreDataProperties.swift */; };
		340802821E04822500FBE11F /* Image+CoreDataClass.swift in Sources */ = {isa = PBXBuildFile; fileRef = 3408027A1E04822500FBE11F /* Image+CoreDataClass.swift */; };
		340802831E04822500FBE11F /* Image+CoreDataProperties.swift in Sources */ = {isa = PBXBuildFile; fileRef = 3408027B1E04822500FBE11F /* Image+CoreDataProperties.swift */; };
		340802871E04938F00FBE11F /* tesla.jpg in Resources */ = {isa = PBXBuildFile; fileRef = 340802861E04938F00FBE11F /* tesla.jpg */; };
		3408028A1E04940A00FBE11F /* MaterialView.swift in Sources */ = {isa = PBXBuildFile; fileRef = 340802891E04940A00FBE11F /* MaterialView.swift */; };
		3408028C1E0497B300FBE11F /* ItemCell.swift in Sources */ = {isa = PBXBuildFile; fileRef = 3408028B1E0497B300FBE11F /* ItemCell.swift */; };
/* End PBXBuildFile section */

/* Begin PBXFileReference section */
		3408023A1E047AB800FBE11F /* DreamLister.app */ = {isa = PBXFileReference; explicitFileType = wrapper.application; includeInIndex = 0; path = DreamLister.app; sourceTree = BUILT_PRODUCTS_DIR; };
		3408023D1E047AB800FBE11F /* AppDelegate.swift */ = {isa = PBXFileReference; lastKnownFileType = sourcecode.swift; path = AppDelegate.swift; sourceTree = "<group>"; };
		3408023F1E047AB800FBE11F /* MainVC.swift */ = {isa = PBXFileReference; lastKnownFileType = sourcecode.swift; path = MainVC.swift; sourceTree = "<group>"; };
		340802421E047AB800FBE11F /* Base */ = {isa = PBXFileReference; lastKnownFileType = file.storyboard; name = Base; path = Base.lproj/Main.storyboard; sourceTree = "<group>"; };
		340802451E047AB900FBE11F /* DreamLister.xcdatamodel */ = {isa = PBXFileReference; lastKnownFileType = wrapper.xcdatamodel; path = DreamLister.xcdatamodel; sourceTree = "<group>"; };
		340802471E047AB900FBE11F /* Assets.xcassets */ = {isa = PBXFileReference; lastKnownFileType = folder.assetcatalog; path = Assets.xcassets; sourceTree = "<group>"; };
		3408024A1E047AB900FBE11F /* Base */ = {isa = PBXFileReference; lastKnownFileType = file.storyboard; name = Base; path = Base.lproj/LaunchScreen.storyboard; sourceTree = "<group>"; };
		3408024C1E047AB900FBE11F /* Info.plist */ = {isa = PBXFileReference; lastKnownFileType = text.plist.xml; path = Info.plist; sourceTree = "<group>"; };
		340802741E04822500FBE11F /* Store+CoreDataClass.swift */ = {isa = PBXFileReference; fileEncoding = 4; lastKnownFileType = sourcecode.swift; path = "Store+CoreDataClass.swift"; sourceTree = "<group>"; };
		340802751E04822500FBE11F /* Store+CoreDataProperties.swift */ = {isa = PBXFileReference; fileEncoding = 4; lastKnownFileType = sourcecode.swift; path = "Store+CoreDataProperties.swift"; sourceTree = "<group>"; };
		340802761E04822500FBE11F /* Item+CoreDataClass.swift */ = {isa = PBXFileReference; fileEncoding = 4; lastKnownFileType = sourcecode.swift; path = "Item+CoreDataClass.swift"; sourceTree = "<group>"; };
		340802771E04822500FBE11F /* Item+CoreDataProperties.swift */ = {isa = PBXFileReference; fileEncoding = 4; lastKnownFileType = sourcecode.swift; path = "Item+CoreDataProperties.swift"; sourceTree = "<group>"; };
		340802781E04822500FBE11F /* ItemType+CoreDataClass.swift */ = {isa = PBXFileReference; fileEncoding = 4; lastKnownFileType = sourcecode.swift; path = "ItemType+CoreDataClass.swift"; sourceTree = "<group>"; };
		340802791E04822500FBE11F /* ItemType+CoreDataProperties.swift */ = {isa = PBXFileReference; fileEncoding = 4; lastKnownFileType = sourcecode.swift; path = "ItemType+CoreDataProperties.swift"; sourceTree = "<group>"; };
		3408027A1E04822500FBE11F /* Image+CoreDataClass.swift */ = {isa = PBXFileReference; fileEncoding = 4; lastKnownFileType = sourcecode.swift; path = "Image+CoreDataClass.swift"; sourceTree = "<group>"; };
		3408027B1E04822500FBE11F /* Image+CoreDataProperties.swift */ = {isa = PBXFileReference; fileEncoding = 4; lastKnownFileType = sourcecode.swift; path = "Image+CoreDataProperties.swift"; sourceTree = "<group>"; };
		340802861E04938F00FBE11F /* tesla.jpg */ = {isa = PBXFileReference; lastKnownFileType = image.jpeg; path = tesla.jpg; sourceTree = "<group>"; };
		340802891E04940A00FBE11F /* MaterialView.swift */ = {isa = PBXFileReference; fileEncoding = 4; lastKnownFileType = sourcecode.swift; path = MaterialView.swift; sourceTree = "<group>"; };
		3408028B1E0497B300FBE11F /* ItemCell.swift */ = {isa = PBXFileReference; fileEncoding = 4; lastKnownFileType = sourcecode.swift; path = ItemCell.swift; sourceTree = "<group>"; };
/* End PBXFileReference section */

/* Begin PBXFrameworksBuildPhase section */
		340802371E047AB800FBE11F /* Frameworks */ = {
			isa = PBXFrameworksBuildPhase;
			buildActionMask = 2147483647;
			files = (
			);
			runOnlyForDeploymentPostprocessing = 0;
		};
/* End PBXFrameworksBuildPhase section */

/* Begin PBXGroup section */
		340802311E047AB800FBE11F = {
			isa = PBXGroup;
			children = (
				3408023C1E047AB800FBE11F /* DreamLister */,
				3408023B1E047AB800FBE11F /* Products */,
			);
			sourceTree = "<group>";
		};
		3408023B1E047AB800FBE11F /* Products */ = {
			isa = PBXGroup;
			children = (
				3408023A1E047AB800FBE11F /* DreamLister.app */,
			);
			name = Products;
			sourceTree = "<group>";
		};
		3408023C1E047AB800FBE11F /* DreamLister */ = {
			isa = PBXGroup;
			children = (
				340802881E0493DE00FBE11F /* View */,
				340802841E0484BB00FBE11F /* Model */,
				3408023D1E047AB800FBE11F /* AppDelegate.swift */,
				3408023F1E047AB800FBE11F /* MainVC.swift */,
				340802411E047AB800FBE11F /* Main.storyboard */,
				340802861E04938F00FBE11F /* tesla.jpg */,
				340802471E047AB900FBE11F /* Assets.xcassets */,
				340802491E047AB900FBE11F /* LaunchScreen.storyboard */,
				3408024C1E047AB900FBE11F /* Info.plist */,
				340802441E047AB900FBE11F /* DreamLister.xcdatamodeld */,
			);
			path = DreamLister;
			sourceTree = "<group>";
		};
		340802841E0484BB00FBE11F /* Model */ = {
			isa = PBXGroup;
			children = (
				340802741E04822500FBE11F /* Store+CoreDataClass.swift */,
				340802761E04822500FBE11F /* Item+CoreDataClass.swift */,
				340802781E04822500FBE11F /* ItemType+CoreDataClass.swift */,
				3408027A1E04822500FBE11F /* Image+CoreDataClass.swift */,
				340802851E0484CB00FBE11F /* Generated */,
			);
			name = Model;
			sourceTree = "<group>";
		};
		340802851E0484CB00FBE11F /* Generated */ = {
			isa = PBXGroup;
			children = (
				340802751E04822500FBE11F /* Store+CoreDataProperties.swift */,
				340802771E04822500FBE11F /* Item+CoreDataProperties.swift */,
				340802791E04822500FBE11F /* ItemType+CoreDataProperties.swift */,
				3408027B1E04822500FBE11F /* Image+CoreDataProperties.swift */,
			);
			name = Generated;
			sourceTree = "<group>";
		};
		340802881E0493DE00FBE11F /* View */ = {
			isa = PBXGroup;
			children = (
				340802891E04940A00FBE11F /* MaterialView.swift */,
				3408028B1E0497B300FBE11F /* ItemCell.swift */,
			);
			name = View;
			sourceTree = "<group>";
		};
/* End PBXGroup section */

/* Begin PBXNativeTarget section */
		340802391E047AB800FBE11F /* DreamLister */ = {
			isa = PBXNativeTarget;
			buildConfigurationList = 3408024F1E047AB900FBE11F /* Build configuration list for PBXNativeTarget "DreamLister" */;
			buildPhases = (
				340802361E047AB800FBE11F /* Sources */,
				340802371E047AB800FBE11F /* Frameworks */,
				340802381E047AB800FBE11F /* Resources */,
			);
			buildRules = (
			);
			dependencies = (
			);
			name = DreamLister;
			productName = DreamLister;
			productReference = 3408023A1E047AB800FBE11F /* DreamLister.app */;
			productType = "com.apple.product-type.application";
		};
/* End PBXNativeTarget section */

/* Begin PBXProject section */
		340802321E047AB800FBE11F /* Project object */ = {
			isa = PBXProject;
			attributes = {
				LastSwiftUpdateCheck = 0800;
				LastUpgradeCheck = 0800;
				ORGANIZATIONNAME = "Honglix Xu";
				TargetAttributes = {
					340802391E047AB800FBE11F = {
						CreatedOnToolsVersion = 8.0;
						DevelopmentTeam = FSBP9QSA68;
						ProvisioningStyle = Automatic;
					};
				};
			};
			buildConfigurationList = 340802351E047AB800FBE11F /* Build configuration list for PBXProject "DreamLister" */;
			compatibilityVersion = "Xcode 3.2";
			developmentRegion = English;
			hasScannedForEncodings = 0;
			knownRegions = (
				en,
				Base,
			);
			mainGroup = 340802311E047AB800FBE11F;
			productRefGroup = 3408023B1E047AB800FBE11F /* Products */;
			projectDirPath = "";
			projectRoot = "";
			targets = (
				340802391E047AB800FBE11F /* DreamLister */,
			);
		};
/* End PBXProject section */

/* Begin PBXResourcesBuildPhase section */
		340802381E047AB800FBE11F /* Resources */ = {
			isa = PBXResourcesBuildPhase;
			buildActionMask = 2147483647;
			files = (
				3408024B1E047AB900FBE11F /* LaunchScreen.storyboard in Resources */,
				340802871E04938F00FBE11F /* tesla.jpg in Resources */,
				340802481E047AB900FBE11F /* Assets.xcassets in Resources */,
				340802431E047AB800FBE11F /* Main.storyboard in Resources */,
			);
			runOnlyForDeploymentPostprocessing = 0;
		};
/* End PBXResourcesBuildPhase section */

/* Begin PBXSourcesBuildPhase section */
		340802361E047AB800FBE11F /* Sources */ = {
			isa = PBXSourcesBuildPhase;
			buildActionMask = 2147483647;
			files = (
				3408028C1E0497B300FBE11F /* ItemCell.swift in Sources */,
				3408027F1E04822500FBE11F /* Item+CoreDataProperties.swift in Sources */,
				3408027E1E04822500FBE11F /* Item+CoreDataClass.swift in Sources */,
				340802811E04822500FBE11F /* ItemType+CoreDataProperties.swift in Sources */,
				3408028A1E04940A00FBE11F /* MaterialView.swift in Sources */,
				3408027D1E04822500FBE11F /* Store+CoreDataProperties.swift in Sources */,
				340802401E047AB800FBE11F /* MainVC.swift in Sources */,
				340802801E04822500FBE11F /* ItemType+CoreDataClass.swift in Sources */,
				3408027C1E04822500FBE11F /* Store+CoreDataClass.swift in Sources */,
				3408023E1E047AB800FBE11F /* AppDelegate.swift in Sources */,
				340802461E047AB900FBE11F /* DreamLister.xcdatamodeld in Sources */,
				340802821E04822500FBE11F /* Image+CoreDataClass.swift in Sources */,
				340802831E04822500FBE11F /* Image+CoreDataProperties.swift in Sources */,
			);
			runOnlyForDeploymentPostprocessing = 0;
		};
/* End PBXSourcesBuildPhase section */

/* Begin PBXVariantGroup section */
		340802411E047AB800FBE11F /* Main.storyboard */ = {
			isa = PBXVariantGroup;
			children = (
				340802421E047AB800FBE11F /* Base */,
			);
			name = Main.storyboard;
			sourceTree = "<group>";
		};
		340802491E047AB900FBE11F /* LaunchScreen.storyboard */ = {
			isa = PBXVariantGroup;
			children = (
				3408024A1E047AB900FBE11F /* Base */,
			);
			name = LaunchScreen.storyboard;
			sourceTree = "<group>";
		};
/* End PBXVariantGroup section */

/* Begin XCBuildConfiguration section */
		3408024D1E047AB900FBE11F /* Debug */ = {
			isa = XCBuildConfiguration;
			buildSettings = {
				ALWAYS_SEARCH_USER_PATHS = NO;
				CLANG_ANALYZER_NONNULL = YES;
				CLANG_CXX_LANGUAGE_STANDARD = "gnu++0x";
				CLANG_CXX_LIBRARY = "libc++";
				CLANG_ENABLE_MODULES = YES;
				CLANG_ENABLE_OBJC_ARC = YES;
				CLANG_WARN_BOOL_CONVERSION = YES;
				CLANG_WARN_CONSTANT_CONVERSION = YES;
				CLANG_WARN_DIRECT_OBJC_ISA_USAGE = YES_ERROR;
				CLANG_WARN_DOCUMENTATION_COMMENTS = YES;
				CLANG_WARN_EMPTY_BODY = YES;
				CLANG_WARN_ENUM_CONVERSION = YES;
				CLANG_WARN_INFINITE_RECURSION = YES;
				CLANG_WARN_INT_CONVERSION = YES;
				CLANG_WARN_OBJC_ROOT_CLASS = YES_ERROR;
				CLANG_WARN_SUSPICIOUS_MOVES = YES;
				CLANG_WARN_UNREACHABLE_CODE = YES;
				CLANG_WARN__DUPLICATE_METHOD_MATCH = YES;
				"CODE_SIGN_IDENTITY[sdk=iphoneos*]" = "iPhone Developer";
				COPY_PHASE_STRIP = NO;
				DEBUG_INFORMATION_FORMAT = dwarf;
				ENABLE_STRICT_OBJC_MSGSEND = YES;
				ENABLE_TESTABILITY = YES;
				GCC_C_LANGUAGE_STANDARD = gnu99;
				GCC_DYNAMIC_NO_PIC = NO;
				GCC_NO_COMMON_BLOCKS = YES;
				GCC_OPTIMIZATION_LEVEL = 0;
				GCC_PREPROCESSOR_DEFINITIONS = (
					"DEBUG=1",
					"$(inherited)",
				);
				GCC_WARN_64_TO_32_BIT_CONVERSION = YES;
				GCC_WARN_ABOUT_RETURN_TYPE = YES_ERROR;
				GCC_WARN_UNDECLARED_SELECTOR = YES;
				GCC_WARN_UNINITIALIZED_AUTOS = YES_AGGRESSIVE;
				GCC_WARN_UNUSED_FUNCTION = YES;
				GCC_WARN_UNUSED_VARIABLE = YES;
				IPHONEOS_DEPLOYMENT_TARGET = 10.0;
				MTL_ENABLE_DEBUG_INFO = YES;
				ONLY_ACTIVE_ARCH = YES;
				SDKROOT = iphoneos;
				SWIFT_ACTIVE_COMPILATION_CONDITIONS = DEBUG;
				SWIFT_OPTIMIZATION_LEVEL = "-Onone";
				TARGETED_DEVICE_FAMILY = "1,2";
			};
			name = Debug;
		};
		3408024E1E047AB900FBE11F /* Release */ = {
			isa = XCBuildConfiguration;
			buildSettings = {
				ALWAYS_SEARCH_USER_PATHS = NO;
				CLANG_ANALYZER_NONNULL = YES;
				CLANG_CXX_LANGUAGE_STANDARD = "gnu++0x";
				CLANG_CXX_LIBRARY = "libc++";
				CLANG_ENABLE_MODULES = YES;
				CLANG_ENABLE_OBJC_ARC = YES;
				CLANG_WARN_BOOL_CONVERSION = YES;
				CLANG_WARN_CONSTANT_CONVERSION = YES;
				CLANG_WARN_DIRECT_OBJC_ISA_USAGE = YES_ERROR;
				CLANG_WARN_DOCUMENTATION_COMMENTS = YES;
				CLANG_WARN_EMPTY_BODY = YES;
				CLANG_WARN_ENUM_CONVERSION = YES;
				CLANG_WARN_INFINITE_RECURSION = YES;
				CLANG_WARN_INT_CONVERSION = YES;
				CLANG_WARN_OBJC_ROOT_CLASS = YES_ERROR;
				CLANG_WARN_SUSPICIOUS_MOVES = YES;
				CLANG_WARN_UNREACHABLE_CODE = YES;
				CLANG_WARN__DUPLICATE_METHOD_MATCH = YES;
				"CODE_SIGN_IDENTITY[sdk=iphoneos*]" = "iPhone Developer";
				COPY_PHASE_STRIP = NO;
				DEBUG_INFORMATION_FORMAT = "dwarf-with-dsym";
				ENABLE_NS_ASSERTIONS = NO;
				ENABLE_STRICT_OBJC_MSGSEND = YES;
				GCC_C_LANGUAGE_STANDARD = gnu99;
				GCC_NO_COMMON_BLOCKS = YES;
				GCC_WARN_64_TO_32_BIT_CONVERSION = YES;
				GCC_WARN_ABOUT_RETURN_TYPE = YES_ERROR;
				GCC_WARN_UNDECLARED_SELECTOR = YES;
				GCC_WARN_UNINITIALIZED_AUTOS = YES_AGGRESSIVE;
				GCC_WARN_UNUSED_FUNCTION = YES;
				GCC_WARN_UNUSED_VARIABLE = YES;
				IPHONEOS_DEPLOYMENT_TARGET = 10.0;
				MTL_ENABLE_DEBUG_INFO = NO;
				SDKROOT = iphoneos;
				SWIFT_OPTIMIZATION_LEVEL = "-Owholemodule";
				TARGETED_DEVICE_FAMILY = "1,2";
				VALIDATE_PRODUCT = YES;
			};
			name = Release;
		};
		340802501E047AB900FBE11F /* Debug */ = {
			isa = XCBuildConfiguration;
			buildSettings = {
				ASSETCATALOG_COMPILER_APPICON_NAME = AppIcon;
				DEVELOPMENT_TEAM = FSBP9QSA68;
				INFOPLIST_FILE = DreamLister/Info.plist;
				LD_RUNPATH_SEARCH_PATHS = "$(inherited) @executable_path/Frameworks";
				PRODUCT_BUNDLE_IDENTIFIER = Udemy.DreamLister;
				PRODUCT_NAME = "$(TARGET_NAME)";
				SWIFT_VERSION = 3.0;
			};
			name = Debug;
		};
		340802511E047AB900FBE11F /* Release */ = {
			isa = XCBuildConfiguration;
			buildSettings = {
				ASSETCATALOG_COMPILER_APPICON_NAME = AppIcon;
				DEVELOPMENT_TEAM = FSBP9QSA68;
				INFOPLIST_FILE = DreamLister/Info.plist;
				LD_RUNPATH_SEARCH_PATHS = "$(inherited) @executable_path/Frameworks";
				PRODUCT_BUNDLE_IDENTIFIER = Udemy.DreamLister;
				PRODUCT_NAME = "$(TARGET_NAME)";
				SWIFT_VERSION = 3.0;
			};
			name = Release;
		};
/* End XCBuildConfiguration section */

/* Begin XCConfigurationList section */
		340802351E047AB800FBE11F /* Build configuration list for PBXProject "DreamLister" */ = {
			isa = XCConfigurationList;
			buildConfigurations = (
				3408024D1E047AB900FBE11F /* Debug */,
				3408024E1E047AB900FBE11F /* Release */,
			);
			defaultConfigurationIsVisible = 0;
			defaultConfigurationName = Release;
		};
		3408024F1E047AB900FBE11F /* Build configuration list for PBXNativeTarget "DreamLister" */ = {
			isa = XCConfigurationList;
			buildConfigurations = (
				340802501E047AB900FBE11F /* Debug */,
				340802511E047AB900FBE11F /* Release */,
			);
			defaultConfigurationIsVisible = 0;
			defaultConfigurationName = Release;
		};
/* End XCConfigurationList section */

/* Begin XCVersionGroup section */
		340802441E047AB900FBE11F /* DreamLister.xcdatamodeld */ = {
			isa = XCVersionGroup;
			children = (
				340802451E047AB900FBE11F /* DreamLister.xcdatamodel */,
			);
			currentVersion = 340802451E047AB900FBE11F /* DreamLister.xcdatamodel */;
			path = DreamLister.xcdatamodeld;
			sourceTree = "<group>";
			versionGroupType = wrapper.xcdatamodel;
		};
/* End XCVersionGroup section */
	};
	rootObject = 340802321E047AB800FBE11F /* Project object */;
}
