// !$*UTF8*$!
{
	archiveVersion = 1;
	classes = {
	};
	objectVersion = 46;
	objects = {

/* Begin PBXBuildFile section */
		342191701DD79AD40088ABE1 /* AppDelegate.swift in Sources */ = {isa = PBXBuildFile; fileRef = 3421916F1DD79AD40088ABE1 /* AppDelegate.swift */; };
		342191721DD79AD40088ABE1 /* ViewController.swift in Sources */ = {isa = PBXBuildFile; fileRef = 342191711DD79AD40088ABE1 /* ViewController.swift */; };
		342191751DD79AD40088ABE1 /* Main.storyboard in Resources */ = {isa = PBXBuildFile; fileRef = 342191731DD79AD40088ABE1 /* Main.storyboard */; };
		342191771DD79AD40088ABE1 /* Assets.xcassets in Resources */ = {isa = PBXBuildFile; fileRef = 342191761DD79AD40088ABE1 /* Assets.xcassets */; };
		3421917A1DD79AD40088ABE1 /* LaunchScreen.storyboard in Resources */ = {isa = PBXBuildFile; fileRef = 342191781DD79AD40088ABE1 /* LaunchScreen.storyboard */; };
/* End PBXBuildFile section */

/* Begin PBXFileReference section */
		3421916C1DD79AD40088ABE1 /* HelloooooWorld.app */ = {isa = PBXFileReference; explicitFileType = wrapper.application; includeInIndex = 0; path = HelloooooWorld.app; sourceTree = BUILT_PRODUCTS_DIR; };
		3421916F1DD79AD40088ABE1 /* AppDelegate.swift */ = {isa = PBXFileReference; lastKnownFileType = sourcecode.swift; path = AppDelegate.swift; sourceTree = "<group>"; };
		342191711DD79AD40088ABE1 /* ViewController.swift */ = {isa = PBXFileReference; lastKnownFileType = sourcecode.swift; path = ViewController.swift; sourceTree = "<group>"; };
		342191741DD79AD40088ABE1 /* Base */ = {isa = PBXFileReference; lastKnownFileType = file.storyboard; name = Base; path = Base.lproj/Main.storyboard; sourceTree = "<group>"; };
		342191761DD79AD40088ABE1 /* Assets.xcassets */ = {isa = PBXFileReference; lastKnownFileType = folder.assetcatalog; path = Assets.xcassets; sourceTree = "<group>"; };
		342191791DD79AD40088ABE1 /* Base */ = {isa = PBXFileReference; lastKnownFileType = file.storyboard; name = Base; path = Base.lproj/LaunchScreen.storyboard; sourceTree = "<group>"; };
		3421917B1DD79AD40088ABE1 /* Info.plist */ = {isa = PBXFileReference; lastKnownFileType = text.plist.xml; path = Info.plist; sourceTree = "<group>"; };
/* End PBXFileReference section */

/* Begin PBXFrameworksBuildPhase section */
		342191691DD79AD40088ABE1 /* Frameworks */ = {
			isa = PBXFrameworksBuildPhase;
			buildActionMask = 2147483647;
			files = (
			);
			runOnlyForDeploymentPostprocessing = 0;
		};
/* End PBXFrameworksBuildPhase section */

/* Begin PBXGroup section */
		342191631DD79AD40088ABE1 = {
			isa = PBXGroup;
			children = (
				3421916E1DD79AD40088ABE1 /* HelloooooWorld */,
				3421916D1DD79AD40088ABE1 /* Products */,
			);
			sourceTree = "<group>";
		};
		3421916D1DD79AD40088ABE1 /* Products */ = {
			isa = PBXGroup;
			children = (
				3421916C1DD79AD40088ABE1 /* HelloooooWorld.app */,
			);
			name = Products;
			sourceTree = "<group>";
		};
		3421916E1DD79AD40088ABE1 /* HelloooooWorld */ = {
			isa = PBXGroup;
			children = (
				3421916F1DD79AD40088ABE1 /* AppDelegate.swift */,
				342191711DD79AD40088ABE1 /* ViewController.swift */,
				342191731DD79AD40088ABE1 /* Main.storyboard */,
				342191761DD79AD40088ABE1 /* Assets.xcassets */,
				342191781DD79AD40088ABE1 /* LaunchScreen.storyboard */,
				3421917B1DD79AD40088ABE1 /* Info.plist */,
			);
			path = HelloooooWorld;
			sourceTree = "<group>";
		};
/* End PBXGroup section */

/* Begin PBXNativeTarget section */
		3421916B1DD79AD40088ABE1 /* HelloooooWorld */ = {
			isa = PBXNativeTarget;
			buildConfigurationList = 3421917E1DD79AD40088ABE1 /* Build configuration list for PBXNativeTarget "HelloooooWorld" */;
			buildPhases = (
				342191681DD79AD40088ABE1 /* Sources */,
				342191691DD79AD40088ABE1 /* Frameworks */,
				3421916A1DD79AD40088ABE1 /* Resources */,
			);
			buildRules = (
			);
			dependencies = (
			);
			name = HelloooooWorld;
			productName = HelloooooWorld;
			productReference = 3421916C1DD79AD40088ABE1 /* HelloooooWorld.app */;
			productType = "com.apple.product-type.application";
		};
/* End PBXNativeTarget section */

/* Begin PBXProject section */
		342191641DD79AD40088ABE1 /* Project object */ = {
			isa = PBXProject;
			attributes = {
				LastSwiftUpdateCheck = 0800;
				LastUpgradeCheck = 0800;
				ORGANIZATIONNAME = "Honglix Xu";
				TargetAttributes = {
					3421916B1DD79AD40088ABE1 = {
						CreatedOnToolsVersion = 8.0;
						DevelopmentTeam = FSBP9QSA68;
						ProvisioningStyle = Automatic;
					};
				};
			};
			buildConfigurationList = 342191671DD79AD40088ABE1 /* Build configuration list for PBXProject "HelloooooWorld" */;
			compatibilityVersion = "Xcode 3.2";
			developmentRegion = English;
			hasScannedForEncodings = 0;
			knownRegions = (
				en,
				Base,
			);
			mainGroup = 342191631DD79AD40088ABE1;
			productRefGroup = 3421916D1DD79AD40088ABE1 /* Products */;
			projectDirPath = "";
			projectRoot = "";
			targets = (
				3421916B1DD79AD40088ABE1 /* HelloooooWorld */,
			);
		};
/* End PBXProject section */

/* Begin PBXResourcesBuildPhase section */
		3421916A1DD79AD40088ABE1 /* Resources */ = {
			isa = PBXResourcesBuildPhase;
			buildActionMask = 2147483647;
			files = (
				3421917A1DD79AD40088ABE1 /* LaunchScreen.storyboard in Resources */,
				342191771DD79AD40088ABE1 /* Assets.xcassets in Resources */,
				342191751DD79AD40088ABE1 /* Main.storyboard in Resources */,
			);
			runOnlyForDeploymentPostprocessing = 0;
		};
/* End PBXResourcesBuildPhase section */

/* Begin PBXSourcesBuildPhase section */
		342191681DD79AD40088ABE1 /* Sources */ = {
			isa = PBXSourcesBuildPhase;
			buildActionMask = 2147483647;
			files = (
				342191721DD79AD40088ABE1 /* ViewController.swift in Sources */,
				342191701DD79AD40088ABE1 /* AppDelegate.swift in Sources */,
			);
			runOnlyForDeploymentPostprocessing = 0;
		};
/* End PBXSourcesBuildPhase section */

/* Begin PBXVariantGroup section */
		342191731DD79AD40088ABE1 /* Main.storyboard */ = {
			isa = PBXVariantGroup;
			children = (
				342191741DD79AD40088ABE1 /* Base */,
			);
			name = Main.storyboard;
			sourceTree = "<group>";
		};
		342191781DD79AD40088ABE1 /* LaunchScreen.storyboard */ = {
			isa = PBXVariantGroup;
			children = (
				342191791DD79AD40088ABE1 /* Base */,
			);
			name = LaunchScreen.storyboard;
			sourceTree = "<group>";
		};
/* End PBXVariantGroup section */

/* Begin XCBuildConfiguration section */
		3421917C1DD79AD40088ABE1 /* Debug */ = {
			isa = XCBuildConfiguration;
			buildSettings = {
				ALWAYS_SEARCH_USER_PATHS = NO;
				CLANG_ANALYZER_NONNULL = YES;
				CLANG_CXX_LANGUAGE_STANDARD = "gnu++0x";
				CLANG_CXX_LIBRARY = "libc++";
				CLANG_ENABLE_MODULES = YES;
				CLANG_ENABLE_OBJC_ARC = YES;
				CLANG_WARN_BOOL_CONVERSION = YES;
				CLANG_WARN_CONSTANT_CONVERSION = YES;
				CLANG_WARN_DIRECT_OBJC_ISA_USAGE = YES_ERROR;
				CLANG_WARN_DOCUMENTATION_COMMENTS = YES;
				CLANG_WARN_EMPTY_BODY = YES;
				CLANG_WARN_ENUM_CONVERSION = YES;
				CLANG_WARN_INFINITE_RECURSION = YES;
				CLANG_WARN_INT_CONVERSION = YES;
				CLANG_WARN_OBJC_ROOT_CLASS = YES_ERROR;
				CLANG_WARN_SUSPICIOUS_MOVES = YES;
				CLANG_WARN_UNREACHABLE_CODE = YES;
				CLANG_WARN__DUPLICATE_METHOD_MATCH = YES;
				"CODE_SIGN_IDENTITY[sdk=iphoneos*]" = "iPhone Developer";
				COPY_PHASE_STRIP = NO;
				DEBUG_INFORMATION_FORMAT = dwarf;
				ENABLE_STRICT_OBJC_MSGSEND = YES;
				ENABLE_TESTABILITY = YES;
				GCC_C_LANGUAGE_STANDARD = gnu99;
				GCC_DYNAMIC_NO_PIC = NO;
				GCC_NO_COMMON_BLOCKS = YES;
				GCC_OPTIMIZATION_LEVEL = 0;
				GCC_PREPROCESSOR_DEFINITIONS = (
					"DEBUG=1",
					"$(inherited)",
				);
				GCC_WARN_64_TO_32_BIT_CONVERSION = YES;
				GCC_WARN_ABOUT_RETURN_TYPE = YES_ERROR;
				GCC_WARN_UNDECLARED_SELECTOR = YES;
				GCC_WARN_UNINITIALIZED_AUTOS = YES_AGGRESSIVE;
				GCC_WARN_UNUSED_FUNCTION = YES;
				GCC_WARN_UNUSED_VARIABLE = YES;
				IPHONEOS_DEPLOYMENT_TARGET = 10.0;
				MTL_ENABLE_DEBUG_INFO = YES;
				ONLY_ACTIVE_ARCH = YES;
				SDKROOT = iphoneos;
				SWIFT_ACTIVE_COMPILATION_CONDITIONS = DEBUG;
				SWIFT_OPTIMIZATION_LEVEL = "-Onone";
				TARGETED_DEVICE_FAMILY = "1,2";
			};
			name = Debug;
		};
		3421917D1DD79AD40088ABE1 /* Release */ = {
			isa = XCBuildConfiguration;
			buildSettings = {
				ALWAYS_SEARCH_USER_PATHS = NO;
				CLANG_ANALYZER_NONNULL = YES;
				CLANG_CXX_LANGUAGE_STANDARD = "gnu++0x";
				CLANG_CXX_LIBRARY = "libc++";
				CLANG_ENABLE_MODULES = YES;
				CLANG_ENABLE_OBJC_ARC = YES;
				CLANG_WARN_BOOL_CONVERSION = YES;
				CLANG_WARN_CONSTANT_CONVERSION = YES;
				CLANG_WARN_DIRECT_OBJC_ISA_USAGE = YES_ERROR;
				CLANG_WARN_DOCUMENTATION_COMMENTS = YES;
				CLANG_WARN_EMPTY_BODY = YES;
				CLANG_WARN_ENUM_CONVERSION = YES;
				CLANG_WARN_INFINITE_RECURSION = YES;
				CLANG_WARN_INT_CONVERSION = YES;
				CLANG_WARN_OBJC_ROOT_CLASS = YES_ERROR;
				CLANG_WARN_SUSPICIOUS_MOVES = YES;
				CLANG_WARN_UNREACHABLE_CODE = YES;
				CLANG_WARN__DUPLICATE_METHOD_MATCH = YES;
				"CODE_SIGN_IDENTITY[sdk=iphoneos*]" = "iPhone Developer";
				COPY_PHASE_STRIP = NO;
				DEBUG_INFORMATION_FORMAT = "dwarf-with-dsym";
				ENABLE_NS_ASSERTIONS = NO;
				ENABLE_STRICT_OBJC_MSGSEND = YES;
				GCC_C_LANGUAGE_STANDARD = gnu99;
				GCC_NO_COMMON_BLOCKS = YES;
				GCC_WARN_64_TO_32_BIT_CONVERSION = YES;
				GCC_WARN_ABOUT_RETURN_TYPE = YES_ERROR;
				GCC_WARN_UNDECLARED_SELECTOR = YES;
				GCC_WARN_UNINITIALIZED_AUTOS = YES_AGGRESSIVE;
				GCC_WARN_UNUSED_FUNCTION = YES;
				GCC_WARN_UNUSED_VARIABLE = YES;
				IPHONEOS_DEPLOYMENT_TARGET = 10.0;
				MTL_ENABLE_DEBUG_INFO = NO;
				SDKROOT = iphoneos;
				SWIFT_OPTIMIZATION_LEVEL = "-Owholemodule";
				TARGETED_DEVICE_FAMILY = "1,2";
				VALIDATE_PRODUCT = YES;
			};
			name = Release;
		};
		3421917F1DD79AD40088ABE1 /* Debug */ = {
			isa = XCBuildConfiguration;
			buildSettings = {
				ASSETCATALOG_COMPILER_APPICON_NAME = AppIcon;
				DEVELOPMENT_TEAM = FSBP9QSA68;
				INFOPLIST_FILE = HelloooooWorld/Info.plist;
				LD_RUNPATH_SEARCH_PATHS = "$(inherited) @executable_path/Frameworks";
				PRODUCT_BUNDLE_IDENTIFIER = Udemy.HelloooooWorld;
				PRODUCT_NAME = "$(TARGET_NAME)";
				SWIFT_VERSION = 3.0;
			};
			name = Debug;
		};
		342191801DD79AD40088ABE1 /* Release */ = {
			isa = XCBuildConfiguration;
			buildSettings = {
				ASSETCATALOG_COMPILER_APPICON_NAME = AppIcon;
				DEVELOPMENT_TEAM = FSBP9QSA68;
				INFOPLIST_FILE = HelloooooWorld/Info.plist;
				LD_RUNPATH_SEARCH_PATHS = "$(inherited) @executable_path/Frameworks";
				PRODUCT_BUNDLE_IDENTIFIER = Udemy.HelloooooWorld;
				PRODUCT_NAME = "$(TARGET_NAME)";
				SWIFT_VERSION = 3.0;
			};
			name = Release;
		};
/* End XCBuildConfiguration section */

/* Begin XCConfigurationList section */
		342191671DD79AD40088ABE1 /* Build configuration list for PBXProject "HelloooooWorld" */ = {
			isa = XCConfigurationList;
			buildConfigurations = (
				3421917C1DD79AD40088ABE1 /* Debug */,
				3421917D1DD79AD40088ABE1 /* Release */,
			);
			defaultConfigurationIsVisible = 0;
			defaultConfigurationName = Release;
		};
		3421917E1DD79AD40088ABE1 /* Build configuration list for PBXNativeTarget "HelloooooWorld" */ = {
			isa = XCConfigurationList;
			buildConfigurations = (
				3421917F1DD79AD40088ABE1 /* Debug */,
				342191801DD79AD40088ABE1 /* Release */,
			);
			defaultConfigurationIsVisible = 0;
		};
/* End XCConfigurationList section */
	};
	rootObject = 342191641DD79AD40088ABE1 /* Project object */;
}
